Microsoft Visual Studio Solution File, Format Version 12.00
# Visual Studio 15
VisualStudioVersion = 15.0.27004.2009
MinimumVisualStudioVersion = 10.0.40219.1
Project("{B8436F60-65B6-472F-B188-08731DCDA2AA}") = "Awakener.Script", "Awakener.Script\Awakener.Script.csproj", "{A73194AC-B8B4-444B-AB0B-D50B4892DF4C}"
EndProject
Project("{B8436F60-65B6-472F-B188-08731DCDA2AA}") = "Awakener.Desktop", "Awakener.Desktop\Awakener.Desktop.csproj", "{8700485E-3D8B-467E-85CD-005E1C821F8F}"
EndProject
Global
	GlobalSection(SolutionConfigurationPlatforms) = preSolution
		Debug|Any CPU = Debug|Any CPU
		Debug|x64 = Debug|x64
		Debug|x86 = Debug|x86
		Release|Any CPU = Release|Any CPU
		Release|x64 = Release|x64
		Release|x86 = Release|x86
	EndGlobalSection
	GlobalSection(ProjectConfigurationPlatforms) = postSolution
		{A73194AC-B8B4-444B-AB0B-D50B4892DF4C}.Debug|Any CPU.ActiveCfg = Debug|Any CPU
		{A73194AC-B8B4-444B-AB0B-D50B4892DF4C}.Debug|Any CPU.Build.0 = Debug|Any CPU
		{A73194AC-B8B4-444B-AB0B-D50B4892DF4C}.Debug|x64.ActiveCfg = Debug|Any CPU
		{A73194AC-B8B4-444B-AB0B-D50B4892DF4C}.Debug|x64.Build.0 = Debug|Any CPU
		{A73194AC-B8B4-444B-AB0B-D50B4892DF4C}.Debug|x86.ActiveCfg = Debug|Any CPU
		{A73194AC-B8B4-444B-AB0B-D50B4892DF4C}.Debug|x86.Build.0 = Debug|Any CPU
		{A73194AC-B8B4-444B-AB0B-D50B4892DF4C}.Release|Any CPU.ActiveCfg = Release|Any CPU
		{A73194AC-B8B4-444B-AB0B-D50B4892DF4C}.Release|Any CPU.Build.0 = Release|Any CPU
		{A73194AC-B8B4-444B-AB0B-D50B4892DF4C}.Release|x64.ActiveCfg = Release|Any CPU
		{A73194AC-B8B4-444B-AB0B-D50B4892DF4C}.Release|x64.Build.0 = Release|Any CPU
		{A73194AC-B8B4-444B-AB0B-D50B4892DF4C}.Release|x86.ActiveCfg = Release|Any CPU
		{A73194AC-B8B4-444B-AB0B-D50B4892DF4C}.Release|x86.Build.0 = Release|Any CPU
		{8700485E-3D8B-467E-85CD-005E1C821F8F}.Debug|Any CPU.ActiveCfg = Debug|Any CPU
		{8700485E-3D8B-467E-85CD-005E1C821F8F}.Debug|Any CPU.Build.0 = Debug|Any CPU
		{8700485E-3D8B-467E-85CD-005E1C821F8F}.Debug|x64.ActiveCfg = Debug|Any CPU
		{8700485E-3D8B-467E-85CD-005E1C821F8F}.Debug|x64.Build.0 = Debug|Any CPU
		{8700485E-3D8B-467E-85CD-005E1C821F8F}.Debug|x86.ActiveCfg = Debug|Any CPU
		{8700485E-3D8B-467E-85CD-005E1C821F8F}.Debug|x86.Build.0 = Debug|Any CPU
		{8700485E-3D8B-467E-85CD-005E1C821F8F}.Release|Any CPU.ActiveCfg = Release|Any CPU
		{8700485E-3D8B-467E-85CD-005E1C821F8F}.Release|Any CPU.Build.0 = Release|Any CPU
		{8700485E-3D8B-467E-85CD-005E1C821F8F}.Release|x64.ActiveCfg = Release|Any CPU
		{8700485E-3D8B-467E-85CD-005E1C821F8F}.Release|x64.Build.0 = Release|Any CPU
		{8700485E-3D8B-467E-85CD-005E1C821F8F}.Release|x86.ActiveCfg = Release|Any CPU
		{8700485E-3D8B-467E-85CD-005E1C821F8F}.Release|x86.Build.0 = Release|Any CPU
	EndGlobalSection
	GlobalSection(SolutionProperties) = preSolution
		HideSolutionNode = FALSE
	EndGlobalSection
	GlobalSection(ExtensibilityGlobals) = postSolution
		SolutionGuid = {94CF6508-8611-435E-8787-B3ED607DC527}
	EndGlobalSection
EndGlobal
